// !$*UTF8*$!
{
	archiveVersion = 1;
	classes = {
	};
	objectVersion = 56;
	objects = {

/* Begin PBXBuildFile section */
		64C3E8802B8FCB9A00E83051 /* AppDelegate.swift in Sources */ = {isa = PBXBuildFile; fileRef = 64C3E87F2B8FCB9A00E83051 /* AppDelegate.swift */; };
		64C3E8822B8FCB9A00E83051 /* SceneDelegate.swift in Sources */ = {isa = PBXBuildFile; fileRef = 64C3E8812B8FCB9A00E83051 /* SceneDelegate.swift */; };
		64C3E8842B8FCB9A00E83051 /* ViewController.swift in Sources */ = {isa = PBXBuildFile; fileRef = 64C3E8832B8FCB9A00E83051 /* ViewController.swift */; };
		64C3E8872B8FCB9A00E83051 /* Main.storyboard in Resources */ = {isa = PBXBuildFile; fileRef = 64C3E8852B8FCB9A00E83051 /* Main.storyboard */; };
		64C3E8892B8FCB9C00E83051 /* Assets.xcassets in Resources */ = {isa = PBXBuildFile; fileRef = 64C3E8882B8FCB9C00E83051 /* Assets.xcassets */; };
		64C3E88C2B8FCB9C00E83051 /* LaunchScreen.storyboard in Resources */ = {isa = PBXBuildFile; fileRef = 64C3E88A2B8FCB9C00E83051 /* LaunchScreen.storyboard */; };
		64C3E89A2B8FD6E100E83051 /* UniformTypeIdentifiers.framework in Frameworks */ = {isa = PBXBuildFile; fileRef = 64C3E8992B8FD6E100E83051 /* UniformTypeIdentifiers.framework */; };
		64C3E89D2B8FD6E100E83051 /* Media.xcassets in Resources */ = {isa = PBXBuildFile; fileRef = 64C3E89C2B8FD6E100E83051 /* Media.xcassets */; };
		64C3E89F2B8FD6E100E83051 /* ActionViewController.swift in Sources */ = {isa = PBXBuildFile; fileRef = 64C3E89E2B8FD6E100E83051 /* ActionViewController.swift */; };
		64C3E8A22B8FD6E100E83051 /* MainInterface.storyboard in Resources */ = {isa = PBXBuildFile; fileRef = 64C3E8A02B8FD6E100E83051 /* MainInterface.storyboard */; };
		64C3E8A62B8FD6E100E83051 /* Extension.appex in Embed Foundation Extensions */ = {isa = PBXBuildFile; fileRef = 64C3E8972B8FD6E100E83051 /* Extension.appex */; settings = {ATTRIBUTES = (RemoveHeadersOnCopy, ); }; };
/* End PBXBuildFile section */

/* Begin PBXContainerItemProxy section */
		64C3E8A42B8FD6E100E83051 /* PBXContainerItemProxy */ = {
			isa = PBXContainerItemProxy;
			containerPortal = 64C3E8742B8FCB9A00E83051 /* Project object */;
			proxyType = 1;
			remoteGlobalIDString = 64C3E8962B8FD6E100E83051;
			remoteInfo = Extension;
		};
/* End PBXContainerItemProxy section */

/* Begin PBXCopyFilesBuildPhase section */
		64C3E8AA2B8FD6E100E83051 /* Embed Foundation Extensions */ = {
			isa = PBXCopyFilesBuildPhase;
			buildActionMask = 2147483647;
			dstPath = "";
			dstSubfolderSpec = 13;
			files = (
				64C3E8A62B8FD6E100E83051 /* Extension.appex in Embed Foundation Extensions */,
			);
			name = "Embed Foundation Extensions";
			runOnlyForDeploymentPostprocessing = 0;
		};
/* End PBXCopyFilesBuildPhase section */

/* Begin PBXFileReference section */
		64C3E87C2B8FCB9A00E83051 /* SafariExtensionUIKit.app */ = {isa = PBXFileReference; explicitFileType = wrapper.application; includeInIndex = 0; path = SafariExtensionUIKit.app; sourceTree = BUILT_PRODUCTS_DIR; };
		64C3E87F2B8FCB9A00E83051 /* AppDelegate.swift */ = {isa = PBXFileReference; lastKnownFileType = sourcecode.swift; path = AppDelegate.swift; sourceTree = "<group>"; };
		64C3E8812B8FCB9A00E83051 /* SceneDelegate.swift */ = {isa = PBXFileReference; lastKnownFileType = sourcecode.swift; path = SceneDelegate.swift; sourceTree = "<group>"; };
		64C3E8832B8FCB9A00E83051 /* ViewController.swift */ = {isa = PBXFileReference; lastKnownFileType = sourcecode.swift; path = ViewController.swift; sourceTree = "<group>"; };
		64C3E8862B8FCB9A00E83051 /* Base */ = {isa = PBXFileReference; lastKnownFileType = file.storyboard; name = Base; path = Base.lproj/Main.storyboard; sourceTree = "<group>"; };
		64C3E8882B8FCB9C00E83051 /* Assets.xcassets */ = {isa = PBXFileReference; lastKnownFileType = folder.assetcatalog; path = Assets.xcassets; sourceTree = "<group>"; };
		64C3E88B2B8FCB9C00E83051 /* Base */ = {isa = PBXFileReference; lastKnownFileType = file.storyboard; name = Base; path = Base.lproj/LaunchScreen.storyboard; sourceTree = "<group>"; };
		64C3E88D2B8FCB9C00E83051 /* Info.plist */ = {isa = PBXFileReference; lastKnownFileType = text.plist.xml; path = Info.plist; sourceTree = "<group>"; };
		64C3E8972B8FD6E100E83051 /* Extension.appex */ = {isa = PBXFileReference; explicitFileType = "wrapper.app-extension"; includeInIndex = 0; path = Extension.appex; sourceTree = BUILT_PRODUCTS_DIR; };
		64C3E8992B8FD6E100E83051 /* UniformTypeIdentifiers.framework */ = {isa = PBXFileReference; lastKnownFileType = wrapper.framework; name = UniformTypeIdentifiers.framework; path = System/Library/Frameworks/UniformTypeIdentifiers.framework; sourceTree = SDKROOT; };
		64C3E89C2B8FD6E100E83051 /* Media.xcassets */ = {isa = PBXFileReference; lastKnownFileType = folder.assetcatalog; path = Media.xcassets; sourceTree = "<group>"; };
		64C3E89E2B8FD6E100E83051 /* ActionViewController.swift */ = {isa = PBXFileReference; lastKnownFileType = sourcecode.swift; path = ActionViewController.swift; sourceTree = "<group>"; };
		64C3E8A12B8FD6E100E83051 /* Base */ = {isa = PBXFileReference; lastKnownFileType = file.storyboard; name = Base; path = Base.lproj/MainInterface.storyboard; sourceTree = "<group>"; };
		64C3E8A32B8FD6E100E83051 /* Info.plist */ = {isa = PBXFileReference; lastKnownFileType = text.plist.xml; path = Info.plist; sourceTree = "<group>"; };
/* End PBXFileReference section */

/* Begin PBXFrameworksBuildPhase section */
		64C3E8792B8FCB9A00E83051 /* Frameworks */ = {
			isa = PBXFrameworksBuildPhase;
			buildActionMask = 2147483647;
			files = (
			);
			runOnlyForDeploymentPostprocessing = 0;
		};
		64C3E8942B8FD6E100E83051 /* Frameworks */ = {
			isa = PBXFrameworksBuildPhase;
			buildActionMask = 2147483647;
			files = (
				64C3E89A2B8FD6E100E83051 /* UniformTypeIdentifiers.framework in Frameworks */,
			);
			runOnlyForDeploymentPostprocessing = 0;
		};
/* End PBXFrameworksBuildPhase section */

/* Begin PBXGroup section */
		64C3E8732B8FCB9A00E83051 = {
			isa = PBXGroup;
			children = (
				64C3E87E2B8FCB9A00E83051 /* SafariExtensionUIKit */,
				64C3E89B2B8FD6E100E83051 /* Extension */,
				64C3E8982B8FD6E100E83051 /* Frameworks */,
				64C3E87D2B8FCB9A00E83051 /* Products */,
			);
			sourceTree = "<group>";
		};
		64C3E87D2B8FCB9A00E83051 /* Products */ = {
			isa = PBXGroup;
			children = (
				64C3E87C2B8FCB9A00E83051 /* SafariExtensionUIKit.app */,
				64C3E8972B8FD6E100E83051 /* Extension.appex */,
			);
			name = Products;
			sourceTree = "<group>";
		};
		64C3E87E2B8FCB9A00E83051 /* SafariExtensionUIKit */ = {
			isa = PBXGroup;
			children = (
				64C3E87F2B8FCB9A00E83051 /* AppDelegate.swift */,
				64C3E8812B8FCB9A00E83051 /* SceneDelegate.swift */,
				64C3E8832B8FCB9A00E83051 /* ViewController.swift */,
				64C3E8852B8FCB9A00E83051 /* Main.storyboard */,
				64C3E8882B8FCB9C00E83051 /* Assets.xcassets */,
				64C3E88A2B8FCB9C00E83051 /* LaunchScreen.storyboard */,
				64C3E88D2B8FCB9C00E83051 /* Info.plist */,
			);
			path = SafariExtensionUIKit;
			sourceTree = "<group>";
		};
		64C3E8982B8FD6E100E83051 /* Frameworks */ = {
			isa = PBXGroup;
			children = (
				64C3E8992B8FD6E100E83051 /* UniformTypeIdentifiers.framework */,
			);
			name = Frameworks;
			sourceTree = "<group>";
		};
		64C3E89B2B8FD6E100E83051 /* Extension */ = {
			isa = PBXGroup;
			children = (
				64C3E89C2B8FD6E100E83051 /* Media.xcassets */,
				64C3E89E2B8FD6E100E83051 /* ActionViewController.swift */,
				64C3E8A02B8FD6E100E83051 /* MainInterface.storyboard */,
				64C3E8A32B8FD6E100E83051 /* Info.plist */,
			);
			path = Extension;
			sourceTree = "<group>";
		};
/* End PBXGroup section */

/* Begin PBXNativeTarget section */
		64C3E87B2B8FCB9A00E83051 /* SafariExtensionUIKit */ = {
			isa = PBXNativeTarget;
			buildConfigurationList = 64C3E8902B8FCB9C00E83051 /* Build configuration list for PBXNativeTarget "SafariExtensionUIKit" */;
			buildPhases = (
				64C3E8782B8FCB9A00E83051 /* Sources */,
				64C3E8792B8FCB9A00E83051 /* Frameworks */,
				64C3E87A2B8FCB9A00E83051 /* Resources */,
				64C3E8AA2B8FD6E100E83051 /* Embed Foundation Extensions */,
			);
			buildRules = (
			);
			dependencies = (
				64C3E8A52B8FD6E100E83051 /* PBXTargetDependency */,
			);
			name = SafariExtensionUIKit;
			productName = SafariExtensionUIKit;
			productReference = 64C3E87C2B8FCB9A00E83051 /* SafariExtensionUIKit.app */;
			productType = "com.apple.product-type.application";
		};
		64C3E8962B8FD6E100E83051 /* Extension */ = {
			isa = PBXNativeTarget;
			buildConfigurationList = 64C3E8A72B8FD6E100E83051 /* Build configuration list for PBXNativeTarget "Extension" */;
			buildPhases = (
				64C3E8932B8FD6E100E83051 /* Sources */,
				64C3E8942B8FD6E100E83051 /* Frameworks */,
				64C3E8952B8FD6E100E83051 /* Resources */,
			);
			buildRules = (
			);
			dependencies = (
			);
			name = Extension;
			productName = Extension;
			productReference = 64C3E8972B8FD6E100E83051 /* Extension.appex */;
			productType = "com.apple.product-type.app-extension";
		};
/* End PBXNativeTarget section */

/* Begin PBXProject section */
		64C3E8742B8FCB9A00E83051 /* Project object */ = {
			isa = PBXProject;
			attributes = {
				BuildIndependentTargetsInParallel = 1;
				LastSwiftUpdateCheck = 1520;
				LastUpgradeCheck = 1520;
				TargetAttributes = {
					64C3E87B2B8FCB9A00E83051 = {
						CreatedOnToolsVersion = 15.2;
					};
					64C3E8962B8FD6E100E83051 = {
						CreatedOnToolsVersion = 15.2;
					};
				};
			};
			buildConfigurationList = 64C3E8772B8FCB9A00E83051 /* Build configuration list for PBXProject "SafariExtensionUIKit" */;
			compatibilityVersion = "Xcode 14.0";
			developmentRegion = en;
			hasScannedForEncodings = 0;
			knownRegions = (
				en,
				Base,
			);
			mainGroup = 64C3E8732B8FCB9A00E83051;
			productRefGroup = 64C3E87D2B8FCB9A00E83051 /* Products */;
			projectDirPath = "";
			projectRoot = "";
			targets = (
				64C3E87B2B8FCB9A00E83051 /* SafariExtensionUIKit */,
				64C3E8962B8FD6E100E83051 /* Extension */,
			);
		};
/* End PBXProject section */

/* Begin PBXResourcesBuildPhase section */
		64C3E87A2B8FCB9A00E83051 /* Resources */ = {
			isa = PBXResourcesBuildPhase;
			buildActionMask = 2147483647;
			files = (
				64C3E88C2B8FCB9C00E83051 /* LaunchScreen.storyboard in Resources */,
				64C3E8892B8FCB9C00E83051 /* Assets.xcassets in Resources */,
				64C3E8872B8FCB9A00E83051 /* Main.storyboard in Resources */,
			);
			runOnlyForDeploymentPostprocessing = 0;
		};
		64C3E8952B8FD6E100E83051 /* Resources */ = {
			isa = PBXResourcesBuildPhase;
			buildActionMask = 2147483647;
			files = (
				64C3E89D2B8FD6E100E83051 /* Media.xcassets in Resources */,
				64C3E8A22B8FD6E100E83051 /* MainInterface.storyboard in Resources */,
			);
			runOnlyForDeploymentPostprocessing = 0;
		};
/* End PBXResourcesBuildPhase section */

/* Begin PBXSourcesBuildPhase section */
		64C3E8782B8FCB9A00E83051 /* Sources */ = {
			isa = PBXSourcesBuildPhase;
			buildActionMask = 2147483647;
			files = (
				64C3E8842B8FCB9A00E83051 /* ViewController.swift in Sources */,
				64C3E8802B8FCB9A00E83051 /* AppDelegate.swift in Sources */,
				64C3E8822B8FCB9A00E83051 /* SceneDelegate.swift in Sources */,
			);
			runOnlyForDeploymentPostprocessing = 0;
		};
		64C3E8932B8FD6E100E83051 /* Sources */ = {
			isa = PBXSourcesBuildPhase;
			buildActionMask = 2147483647;
			files = (
				64C3E89F2B8FD6E100E83051 /* ActionViewController.swift in Sources */,
			);
			runOnlyForDeploymentPostprocessing = 0;
		};
/* End PBXSourcesBuildPhase section */

/* Begin PBXTargetDependency section */
		64C3E8A52B8FD6E100E83051 /* PBXTargetDependency */ = {
			isa = PBXTargetDependency;
			target = 64C3E8962B8FD6E100E83051 /* Extension */;
			targetProxy = 64C3E8A42B8FD6E100E83051 /* PBXContainerItemProxy */;
		};
/* End PBXTargetDependency section */

/* Begin PBXVariantGroup section */
		64C3E8852B8FCB9A00E83051 /* Main.storyboard */ = {
			isa = PBXVariantGroup;
			children = (
				64C3E8862B8FCB9A00E83051 /* Base */,
			);
			name = Main.storyboard;
			sourceTree = "<group>";
		};
		64C3E88A2B8FCB9C00E83051 /* LaunchScreen.storyboard */ = {
			isa = PBXVariantGroup;
			children = (
				64C3E88B2B8FCB9C00E83051 /* Base */,
			);
			name = LaunchScreen.storyboard;
			sourceTree = "<group>";
		};
		64C3E8A02B8FD6E100E83051 /* MainInterface.storyboard */ = {
			isa = PBXVariantGroup;
			children = (
				64C3E8A12B8FD6E100E83051 /* Base */,
			);
			name = MainInterface.storyboard;
			sourceTree = "<group>";
		};
/* End PBXVariantGroup section */

/* Begin XCBuildConfiguration section */
		64C3E88E2B8FCB9C00E83051 /* Debug */ = {
			isa = XCBuildConfiguration;
			buildSettings = {
				ALWAYS_SEARCH_USER_PATHS = NO;
				ASSETCATALOG_COMPILER_GENERATE_SWIFT_ASSET_SYMBOL_EXTENSIONS = YES;
				CLANG_ANALYZER_NONNULL = YES;
				CLANG_ANALYZER_NUMBER_OBJECT_CONVERSION = YES_AGGRESSIVE;
				CLANG_CXX_LANGUAGE_STANDARD = "gnu++20";
				CLANG_ENABLE_MODULES = YES;
				CLANG_ENABLE_OBJC_ARC = YES;
				CLANG_ENABLE_OBJC_WEAK = YES;
				CLANG_WARN_BLOCK_CAPTURE_AUTORELEASING = YES;
				CLANG_WARN_BOOL_CONVERSION = YES;
				CLANG_WARN_COMMA = YES;
				CLANG_WARN_CONSTANT_CONVERSION = YES;
				CLANG_WARN_DEPRECATED_OBJC_IMPLEMENTATIONS = YES;
				CLANG_WARN_DIRECT_OBJC_ISA_USAGE = YES_ERROR;
				CLANG_WARN_DOCUMENTATION_COMMENTS = YES;
				CLANG_WARN_EMPTY_BODY = YES;
				CLANG_WARN_ENUM_CONVERSION = YES;
				CLANG_WARN_INFINITE_RECURSION = YES;
				CLANG_WARN_INT_CONVERSION = YES;
				CLANG_WARN_NON_LITERAL_NULL_CONVERSION = YES;
				CLANG_WARN_OBJC_IMPLICIT_RETAIN_SELF = YES;
				CLANG_WARN_OBJC_LITERAL_CONVERSION = YES;
				CLANG_WARN_OBJC_ROOT_CLASS = YES_ERROR;
				CLANG_WARN_QUOTED_INCLUDE_IN_FRAMEWORK_HEADER = YES;
				CLANG_WARN_RANGE_LOOP_ANALYSIS = YES;
				CLANG_WARN_STRICT_PROTOTYPES = YES;
				CLANG_WARN_SUSPICIOUS_MOVE = YES;
				CLANG_WARN_UNGUARDED_AVAILABILITY = YES_AGGRESSIVE;
				CLANG_WARN_UNREACHABLE_CODE = YES;
				CLANG_WARN__DUPLICATE_METHOD_MATCH = YES;
				COPY_PHASE_STRIP = NO;
				DEBUG_INFORMATION_FORMAT = dwarf;
				ENABLE_STRICT_OBJC_MSGSEND = YES;
				ENABLE_TESTABILITY = YES;
				ENABLE_USER_SCRIPT_SANDBOXING = YES;
				GCC_C_LANGUAGE_STANDARD = gnu17;
				GCC_DYNAMIC_NO_PIC = NO;
				GCC_NO_COMMON_BLOCKS = YES;
				GCC_OPTIMIZATION_LEVEL = 0;
				GCC_PREPROCESSOR_DEFINITIONS = (
					"DEBUG=1",
					"$(inherited)",
				);
				GCC_WARN_64_TO_32_BIT_CONVERSION = YES;
				GCC_WARN_ABOUT_RETURN_TYPE = YES_ERROR;
				GCC_WARN_UNDECLARED_SELECTOR = YES;
				GCC_WARN_UNINITIALIZED_AUTOS = YES_AGGRESSIVE;
				GCC_WARN_UNUSED_FUNCTION = YES;
				GCC_WARN_UNUSED_VARIABLE = YES;
				IPHONEOS_DEPLOYMENT_TARGET = 13.0;
				LOCALIZATION_PREFERS_STRING_CATALOGS = YES;
				MTL_ENABLE_DEBUG_INFO = INCLUDE_SOURCE;
				MTL_FAST_MATH = YES;
				ONLY_ACTIVE_ARCH = YES;
				SDKROOT = iphoneos;
				SWIFT_ACTIVE_COMPILATION_CONDITIONS = "DEBUG $(inherited)";
				SWIFT_OPTIMIZATION_LEVEL = "-Onone";
			};
			name = Debug;
		};
		64C3E88F2B8FCB9C00E83051 /* Release */ = {
			isa = XCBuildConfiguration;
			buildSettings = {
				ALWAYS_SEARCH_USER_PATHS = NO;
				ASSETCATALOG_COMPILER_GENERATE_SWIFT_ASSET_SYMBOL_EXTENSIONS = YES;
				CLANG_ANALYZER_NONNULL = YES;
				CLANG_ANALYZER_NUMBER_OBJECT_CONVERSION = YES_AGGRESSIVE;
				CLANG_CXX_LANGUAGE_STANDARD = "gnu++20";
				CLANG_ENABLE_MODULES = YES;
				CLANG_ENABLE_OBJC_ARC = YES;
				CLANG_ENABLE_OBJC_WEAK = YES;
				CLANG_WARN_BLOCK_CAPTURE_AUTORELEASING = YES;
				CLANG_WARN_BOOL_CONVERSION = YES;
				CLANG_WARN_COMMA = YES;
				CLANG_WARN_CONSTANT_CONVERSION = YES;
				CLANG_WARN_DEPRECATED_OBJC_IMPLEMENTATIONS = YES;
				CLANG_WARN_DIRECT_OBJC_ISA_USAGE = YES_ERROR;
				CLANG_WARN_DOCUMENTATION_COMMENTS = YES;
				CLANG_WARN_EMPTY_BODY = YES;
				CLANG_WARN_ENUM_CONVERSION = YES;
				CLANG_WARN_INFINITE_RECURSION = YES;
				CLANG_WARN_INT_CONVERSION = YES;
				CLANG_WARN_NON_LITERAL_NULL_CONVERSION = YES;
				CLANG_WARN_OBJC_IMPLICIT_RETAIN_SELF = YES;
				CLANG_WARN_OBJC_LITERAL_CONVERSION = YES;
				CLANG_WARN_OBJC_ROOT_CLASS = YES_ERROR;
				CLANG_WARN_QUOTED_INCLUDE_IN_FRAMEWORK_HEADER = YES;
				CLANG_WARN_RANGE_LOOP_ANALYSIS = YES;
				CLANG_WARN_STRICT_PROTOTYPES = YES;
				CLANG_WARN_SUSPICIOUS_MOVE = YES;
				CLANG_WARN_UNGUARDED_AVAILABILITY = YES_AGGRESSIVE;
				CLANG_WARN_UNREACHABLE_CODE = YES;
				CLANG_WARN__DUPLICATE_METHOD_MATCH = YES;
				COPY_PHASE_STRIP = NO;
				DEBUG_INFORMATION_FORMAT = "dwarf-with-dsym";
				ENABLE_NS_ASSERTIONS = NO;
				ENABLE_STRICT_OBJC_MSGSEND = YES;
				ENABLE_USER_SCRIPT_SANDBOXING = YES;
				GCC_C_LANGUAGE_STANDARD = gnu17;
				GCC_NO_COMMON_BLOCKS = YES;
				GCC_WARN_64_TO_32_BIT_CONVERSION = YES;
				GCC_WARN_ABOUT_RETURN_TYPE = YES_ERROR;
				GCC_WARN_UNDECLARED_SELECTOR = YES;
				GCC_WARN_UNINITIALIZED_AUTOS = YES_AGGRESSIVE;
				GCC_WARN_UNUSED_FUNCTION = YES;
				GCC_WARN_UNUSED_VARIABLE = YES;
				IPHONEOS_DEPLOYMENT_TARGET = 13.0;
				LOCALIZATION_PREFERS_STRING_CATALOGS = YES;
				MTL_ENABLE_DEBUG_INFO = NO;
				MTL_FAST_MATH = YES;
				SDKROOT = iphoneos;
				SWIFT_COMPILATION_MODE = wholemodule;
				VALIDATE_PRODUCT = YES;
			};
			name = Release;
		};
		64C3E8912B8FCB9C00E83051 /* Debug */ = {
			isa = XCBuildConfiguration;
			buildSettings = {
				ALWAYS_EMBED_SWIFT_STANDARD_LIBRARIES = YES;
				ASSETCATALOG_COMPILER_APPICON_NAME = AppIcon;
				ASSETCATALOG_COMPILER_GLOBAL_ACCENT_COLOR_NAME = AccentColor;
				CODE_SIGN_STYLE = Automatic;
				CURRENT_PROJECT_VERSION = 1;
				DEVELOPMENT_TEAM = N8877H53MP;
				GENERATE_INFOPLIST_FILE = YES;
				INFOPLIST_FILE = SafariExtensionUIKit/Info.plist;
				INFOPLIST_KEY_LSApplicationCategoryType = "public.app-category.developer-tools";
				INFOPLIST_KEY_UIApplicationSupportsIndirectInputEvents = YES;
				INFOPLIST_KEY_UILaunchStoryboardName = LaunchScreen;
				INFOPLIST_KEY_UIMainStoryboardFile = Main;
				INFOPLIST_KEY_UISupportedInterfaceOrientations_iPad = "UIInterfaceOrientationPortrait UIInterfaceOrientationPortraitUpsideDown UIInterfaceOrientationLandscapeLeft UIInterfaceOrientationLandscapeRight";
				INFOPLIST_KEY_UISupportedInterfaceOrientations_iPhone = "UIInterfaceOrientationPortrait UIInterfaceOrientationLandscapeLeft UIInterfaceOrientationLandscapeRight";
				IPHONEOS_DEPLOYMENT_TARGET = 13.0;
				LD_RUNPATH_SEARCH_PATHS = (
					"$(inherited)",
					"@executable_path/Frameworks",
				);
				MARKETING_VERSION = 1.0;
				PRODUCT_BUNDLE_IDENTIFIER = com.lefthandedapps.SafariExtensionUIKit;
				PRODUCT_NAME = "$(TARGET_NAME)";
				SWIFT_EMIT_LOC_STRINGS = YES;
				SWIFT_VERSION = 5.0;
				TARGETED_DEVICE_FAMILY = "1,2";
			};
			name = Debug;
		};
		64C3E8922B8FCB9C00E83051 /* Release */ = {
			isa = XCBuildConfiguration;
			buildSettings = {
				ALWAYS_EMBED_SWIFT_STANDARD_LIBRARIES = YES;
				ASSETCATALOG_COMPILER_APPICON_NAME = AppIcon;
				ASSETCATALOG_COMPILER_GLOBAL_ACCENT_COLOR_NAME = AccentColor;
				CODE_SIGN_STYLE = Automatic;
				CURRENT_PROJECT_VERSION = 1;
				DEVELOPMENT_TEAM = N8877H53MP;
				GENERATE_INFOPLIST_FILE = YES;
				INFOPLIST_FILE = SafariExtensionUIKit/Info.plist;
				INFOPLIST_KEY_LSApplicationCategoryType = "public.app-category.developer-tools";
				INFOPLIST_KEY_UIApplicationSupportsIndirectInputEvents = YES;
				INFOPLIST_KEY_UILaunchStoryboardName = LaunchScreen;
				INFOPLIST_KEY_UIMainStoryboardFile = Main;
				INFOPLIST_KEY_UISupportedInterfaceOrientations_iPad = "UIInterfaceOrientationPortrait UIInterfaceOrientationPortraitUpsideDown UIInterfaceOrientationLandscapeLeft UIInterfaceOrientationLandscapeRight";
				INFOPLIST_KEY_UISupportedInterfaceOrientations_iPhone = "UIInterfaceOrientationPortrait UIInterfaceOrientationLandscapeLeft UIInterfaceOrientationLandscapeRight";
				IPHONEOS_DEPLOYMENT_TARGET = 13.0;
				LD_RUNPATH_SEARCH_PATHS = (
					"$(inherited)",
					"@executable_path/Frameworks",
				);
				MARKETING_VERSION = 1.0;
				PRODUCT_BUNDLE_IDENTIFIER = com.lefthandedapps.SafariExtensionUIKit;
				PRODUCT_NAME = "$(TARGET_NAME)";
				SWIFT_EMIT_LOC_STRINGS = YES;
				SWIFT_VERSION = 5.0;
				TARGETED_DEVICE_FAMILY = "1,2";
			};
			name = Release;
		};
		64C3E8A82B8FD6E100E83051 /* Debug */ = {
			isa = XCBuildConfiguration;
			buildSettings = {
				CODE_SIGN_STYLE = Automatic;
				CURRENT_PROJECT_VERSION = 1;
				DEVELOPMENT_TEAM = N8877H53MP;
				GENERATE_INFOPLIST_FILE = YES;
				INFOPLIST_FILE = Extension/Info.plist;
				INFOPLIST_KEY_CFBundleDisplayName = Extension;
				INFOPLIST_KEY_NSHumanReadableCopyright = "";
				IPHONEOS_DEPLOYMENT_TARGET = 17.2;
				LD_RUNPATH_SEARCH_PATHS = (
					"$(inherited)",
					"@executable_path/Frameworks",
					"@executable_path/../../Frameworks",
				);
				MARKETING_VERSION = 1.0;
				PRODUCT_BUNDLE_IDENTIFIER = com.lefthandedapps.SafariExtensionUIKit.Extension;
				PRODUCT_NAME = "$(TARGET_NAME)";
				SKIP_INSTALL = YES;
				SWIFT_EMIT_LOC_STRINGS = YES;
				SWIFT_VERSION = 5.0;
				TARGETED_DEVICE_FAMILY = "1,2";
			};
			name = Debug;
		};
		64C3E8A92B8FD6E100E83051 /* Release */ = {
			isa = XCBuildConfiguration;
			buildSettings = {
				CODE_SIGN_STYLE = Automatic;
				CURRENT_PROJECT_VERSION = 1;
				DEVELOPMENT_TEAM = N8877H53MP;
				GENERATE_INFOPLIST_FILE = YES;
				INFOPLIST_FILE = Extension/Info.plist;
				INFOPLIST_KEY_CFBundleDisplayName = Extension;
				INFOPLIST_KEY_NSHumanReadableCopyright = "";
				IPHONEOS_DEPLOYMENT_TARGET = 17.2;
				LD_RUNPATH_SEARCH_PATHS = (
					"$(inherited)",
					"@executable_path/Frameworks",
					"@executable_path/../../Frameworks",
				);
				MARKETING_VERSION = 1.0;
				PRODUCT_BUNDLE_IDENTIFIER = com.lefthandedapps.SafariExtensionUIKit.Extension;
				PRODUCT_NAME = "$(TARGET_NAME)";
				SKIP_INSTALL = YES;
				SWIFT_EMIT_LOC_STRINGS = YES;
				SWIFT_VERSION = 5.0;
				TARGETED_DEVICE_FAMILY = "1,2";
			};
			name = Release;
		};
/* End XCBuildConfiguration section */

/* Begin XCConfigurationList section */
		64C3E8772B8FCB9A00E83051 /* Build configuration list for PBXProject "SafariExtensionUIKit" */ = {
			isa = XCConfigurationList;
			buildConfigurations = (
				64C3E88E2B8FCB9C00E83051 /* Debug */,
				64C3E88F2B8FCB9C00E83051 /* Release */,
			);
			defaultConfigurationIsVisible = 0;
			defaultConfigurationName = Release;
		};
		64C3E8902B8FCB9C00E83051 /* Build configuration list for PBXNativeTarget "SafariExtensionUIKit" */ = {
			isa = XCConfigurationList;
			buildConfigurations = (
				64C3E8912B8FCB9C00E83051 /* Debug */,
				64C3E8922B8FCB9C00E83051 /* Release */,
			);
			defaultConfigurationIsVisible = 0;
			defaultConfigurationName = Release;
		};
		64C3E8A72B8FD6E100E83051 /* Build configuration list for PBXNativeTarget "Extension" */ = {
			isa = XCConfigurationList;
			buildConfigurations = (
				64C3E8A82B8FD6E100E83051 /* Debug */,
				64C3E8A92B8FD6E100E83051 /* Release */,
			);
			defaultConfigurationIsVisible = 0;
			defaultConfigurationName = Release;
		};
/* End XCConfigurationList section */
	};
	rootObject = 64C3E8742B8FCB9A00E83051 /* Project object */;
}
